
Microsoft Visual Studio Solution File, Format Version 12.00
# Visual Studio Version 17
VisualStudioVersion = 17.8.34309.116
MinimumVisualStudioVersion = 10.0.40219.1
Project("{FAE04EC0-301F-11D3-BF4B-00C04F79EFBC}") = "Classe articoli", "Classe articoli\Classe articoli.csproj", "{9901F734-0475-468C-AD14-CD7DAE358C01}"
EndProject
Global
	GlobalSection(SolutionConfigurationPlatforms) = preSolution
		Debug|Any CPU = Debug|Any CPU
		Release|Any CPU = Release|Any CPU
	EndGlobalSection
	GlobalSection(ProjectConfigurationPlatforms) = postSolution
		{9901F734-0475-468C-AD14-CD7DAE358C01}.Debug|Any CPU.ActiveCfg = Debug|Any CPU
		{9901F734-0475-468C-AD14-CD7DAE358C01}.Debug|Any CPU.Build.0 = Debug|Any CPU
		{9901F734-0475-468C-AD14-CD7DAE358C01}.Release|Any CPU.ActiveCfg = Release|Any CPU
		{9901F734-0475-468C-AD14-CD7DAE358C01}.Release|Any CPU.Build.0 = Release|Any CPU
	EndGlobalSection
	GlobalSection(SolutionProperties) = preSolution
		HideSolutionNode = FALSE
	EndGlobalSection
	GlobalSection(ExtensibilityGlobals) = postSolution
		SolutionGuid = {3A872F9F-CD81-47BA-BC0D-2887E68E17D3}
	EndGlobalSection
EndGlobal
